
Microsoft Visual Studio Solution File, Format Version 12.00
# Visual Studio 15
VisualStudioVersion = 15.0.28307.1927
MinimumVisualStudioVersion = 10.0.40219.1
Project("{FAE04EC0-301F-11D3-BF4B-00C04F79EFBC}") = "ChatApp", "ChatApp\ChatApp.csproj", "{CE6BF1EB-E85B-498D-AAEC-70FA5AABDC17}"
EndProject
Global
	GlobalSection(SolutionConfigurationPlatforms) = preSolution
		Debug|Any CPU = Debug|Any CPU
		Release|Any CPU = Release|Any CPU
	EndGlobalSection
	GlobalSection(ProjectConfigurationPlatforms) = postSolution
		{CE6BF1EB-E85B-498D-AAEC-70FA5AABDC17}.Debug|Any CPU.ActiveCfg = Debug|Any CPU
		{CE6BF1EB-E85B-498D-AAEC-70FA5AABDC17}.Debug|Any CPU.Build.0 = Debug|Any CPU
		{CE6BF1EB-E85B-498D-AAEC-70FA5AABDC17}.Release|Any CPU.ActiveCfg = Release|Any CPU
		{CE6BF1EB-E85B-498D-AAEC-70FA5AABDC17}.Release|Any CPU.Build.0 = Release|Any CPU
	EndGlobalSection
	GlobalSection(SolutionProperties) = preSolution
		HideSolutionNode = FALSE
	EndGlobalSection
	GlobalSection(ExtensibilityGlobals) = postSolution
		SolutionGuid = {49329B48-775B-497B-B403-64C7CF0F9B8D}
	EndGlobalSection
EndGlobal
